
Microsoft Visual Studio Solution File, Format Version 12.00
# Visual Studio 15
VisualStudioVersion = 15.0.27130.2010
MinimumVisualStudioVersion = 10.0.40219.1
Project("{FAE04EC0-301F-11D3-BF4B-00C04F79EFBC}") = "Web-Api", "Web-Api\Web-Api.csproj", "{34FD4D00-D900-44B1-BE12-4D7B733EE64C}"
EndProject
Global
	GlobalSection(SolutionConfigurationPlatforms) = preSolution
		Debug|Any CPU = Debug|Any CPU
		Release|Any CPU = Release|Any CPU
	EndGlobalSection
	GlobalSection(ProjectConfigurationPlatforms) = postSolution
		{34FD4D00-D900-44B1-BE12-4D7B733EE64C}.Debug|Any CPU.ActiveCfg = Debug|Any CPU
		{34FD4D00-D900-44B1-BE12-4D7B733EE64C}.Debug|Any CPU.Build.0 = Debug|Any CPU
		{34FD4D00-D900-44B1-BE12-4D7B733EE64C}.Release|Any CPU.ActiveCfg = Release|Any CPU
		{34FD4D00-D900-44B1-BE12-4D7B733EE64C}.Release|Any CPU.Build.0 = Release|Any CPU
	EndGlobalSection
	GlobalSection(SolutionProperties) = preSolution
		HideSolutionNode = FALSE
	EndGlobalSection
	GlobalSection(ExtensibilityGlobals) = postSolution
		SolutionGuid = {6C0BABF2-51C7-4D01-B9E4-348306B5AFEA}
	EndGlobalSection
EndGlobal
